
Microsoft Visual Studio Solution File, Format Version 12.00
# Visual Studio Version 16
VisualStudioVersion = 16.0.29926.136
MinimumVisualStudioVersion = 10.0.40219.1
Project("{FAE04EC0-301F-11D3-BF4B-00C04F79EFBC}") = "ToDoListApp", "ToDoListApp\ToDoListApp.csproj", "{D4F09808-7046-4D9A-8F62-58F7A8FD470D}"
EndProject
Project("{FAE04EC0-301F-11D3-BF4B-00C04F79EFBC}") = "ToDoListApp.Core", "ToDoListApp.Core\ToDoListApp.Core.csproj", "{6F8BD834-BED3-4F39-93BD-3F2D75A3E666}"
EndProject
Global
	GlobalSection(SolutionConfigurationPlatforms) = preSolution
		Debug|Any CPU = Debug|Any CPU
		Release|Any CPU = Release|Any CPU
	EndGlobalSection
	GlobalSection(ProjectConfigurationPlatforms) = postSolution
		{D4F09808-7046-4D9A-8F62-58F7A8FD470D}.Debug|Any CPU.ActiveCfg = Debug|Any CPU
		{D4F09808-7046-4D9A-8F62-58F7A8FD470D}.Debug|Any CPU.Build.0 = Debug|Any CPU
		{D4F09808-7046-4D9A-8F62-58F7A8FD470D}.Release|Any CPU.ActiveCfg = Release|Any CPU
		{D4F09808-7046-4D9A-8F62-58F7A8FD470D}.Release|Any CPU.Build.0 = Release|Any CPU
		{6F8BD834-BED3-4F39-93BD-3F2D75A3E666}.Debug|Any CPU.ActiveCfg = Debug|Any CPU
		{6F8BD834-BED3-4F39-93BD-3F2D75A3E666}.Debug|Any CPU.Build.0 = Debug|Any CPU
		{6F8BD834-BED3-4F39-93BD-3F2D75A3E666}.Release|Any CPU.ActiveCfg = Release|Any CPU
		{6F8BD834-BED3-4F39-93BD-3F2D75A3E666}.Release|Any CPU.Build.0 = Release|Any CPU
	EndGlobalSection
	GlobalSection(SolutionProperties) = preSolution
		HideSolutionNode = FALSE
	EndGlobalSection
	GlobalSection(ExtensibilityGlobals) = postSolution
		SolutionGuid = {68FF7519-E940-4D4D-80A2-F67D08320DA2}
	EndGlobalSection
EndGlobal
